
Microsoft Visual Studio Solution File, Format Version 12.00
# Visual Studio 15
VisualStudioVersion = 15.0.28307.489
MinimumVisualStudioVersion = 10.0.40219.1
Project("{FAE04EC0-301F-11D3-BF4B-00C04F79EFBC}") = "WikiDotToHTML", "WikiDotToHTML\WikiDotToHTML.csproj", "{91E2C794-84E3-4DF6-9269-B702A93054D6}"
EndProject
Global
	GlobalSection(SolutionConfigurationPlatforms) = preSolution
		Debug|Any CPU = Debug|Any CPU
		Release|Any CPU = Release|Any CPU
	EndGlobalSection
	GlobalSection(ProjectConfigurationPlatforms) = postSolution
		{91E2C794-84E3-4DF6-9269-B702A93054D6}.Debug|Any CPU.ActiveCfg = Debug|Any CPU
		{91E2C794-84E3-4DF6-9269-B702A93054D6}.Debug|Any CPU.Build.0 = Debug|Any CPU
		{91E2C794-84E3-4DF6-9269-B702A93054D6}.Release|Any CPU.ActiveCfg = Release|Any CPU
		{91E2C794-84E3-4DF6-9269-B702A93054D6}.Release|Any CPU.Build.0 = Release|Any CPU
	EndGlobalSection
	GlobalSection(SolutionProperties) = preSolution
		HideSolutionNode = FALSE
	EndGlobalSection
	GlobalSection(ExtensibilityGlobals) = postSolution
		SolutionGuid = {47726332-B6F2-484B-B9BD-435189FD9884}
	EndGlobalSection
EndGlobal
